// !$*UTF8*$!
{
	archiveVersion = 1;
	classes = {
	};
	objectVersion = 50;
	objects = {

/* Begin PBXBuildFile section */
		38C51D961E2A00DE7C61E841 /* Pods_GithubList.framework in Frameworks */ = {isa = PBXBuildFile; fileRef = DDE022C8797C68E9CA363791 /* Pods_GithubList.framework */; };
		C325C439224B964400E36731 /* AppDelegate.swift in Sources */ = {isa = PBXBuildFile; fileRef = C325C438224B964400E36731 /* AppDelegate.swift */; };
		C325C43B224B964400E36731 /* ViewController.swift in Sources */ = {isa = PBXBuildFile; fileRef = C325C43A224B964400E36731 /* ViewController.swift */; };
		C325C43E224B964400E36731 /* Main.storyboard in Resources */ = {isa = PBXBuildFile; fileRef = C325C43C224B964400E36731 /* Main.storyboard */; };
		C325C440224B964600E36731 /* Assets.xcassets in Resources */ = {isa = PBXBuildFile; fileRef = C325C43F224B964600E36731 /* Assets.xcassets */; };
		C325C451224BB88300E36731 /* ItemCell.swift in Sources */ = {isa = PBXBuildFile; fileRef = C325C450224BB88300E36731 /* ItemCell.swift */; };
/* End PBXBuildFile section */

/* Begin PBXFileReference section */
		6D61414D7083548F1FC8FE66 /* Pods-GithubList.release.xcconfig */ = {isa = PBXFileReference; includeInIndex = 1; lastKnownFileType = text.xcconfig; name = "Pods-GithubList.release.xcconfig"; path = "Pods/Target Support Files/Pods-GithubList/Pods-GithubList.release.xcconfig"; sourceTree = "<group>"; };
		C325C435224B964400E36731 /* GithubList.app */ = {isa = PBXFileReference; explicitFileType = wrapper.application; includeInIndex = 0; path = GithubList.app; sourceTree = BUILT_PRODUCTS_DIR; };
		C325C438224B964400E36731 /* AppDelegate.swift */ = {isa = PBXFileReference; lastKnownFileType = sourcecode.swift; path = AppDelegate.swift; sourceTree = "<group>"; };
		C325C43A224B964400E36731 /* ViewController.swift */ = {isa = PBXFileReference; lastKnownFileType = sourcecode.swift; path = ViewController.swift; sourceTree = "<group>"; };
		C325C43D224B964400E36731 /* Base */ = {isa = PBXFileReference; lastKnownFileType = file.storyboard; name = Base; path = Base.lproj/Main.storyboard; sourceTree = "<group>"; };
		C325C43F224B964600E36731 /* Assets.xcassets */ = {isa = PBXFileReference; lastKnownFileType = folder.assetcatalog; path = Assets.xcassets; sourceTree = "<group>"; };
		C325C444224B964600E36731 /* Info.plist */ = {isa = PBXFileReference; lastKnownFileType = text.plist.xml; path = Info.plist; sourceTree = "<group>"; };
		C325C450224BB88300E36731 /* ItemCell.swift */ = {isa = PBXFileReference; lastKnownFileType = sourcecode.swift; path = ItemCell.swift; sourceTree = "<group>"; };
		CAD1D8DFD50235B1FD70B977 /* Pods-GithubList.debug.xcconfig */ = {isa = PBXFileReference; includeInIndex = 1; lastKnownFileType = text.xcconfig; name = "Pods-GithubList.debug.xcconfig"; path = "Pods/Target Support Files/Pods-GithubList/Pods-GithubList.debug.xcconfig"; sourceTree = "<group>"; };
		DDE022C8797C68E9CA363791 /* Pods_GithubList.framework */ = {isa = PBXFileReference; explicitFileType = wrapper.framework; includeInIndex = 0; path = Pods_GithubList.framework; sourceTree = BUILT_PRODUCTS_DIR; };
/* End PBXFileReference section */

/* Begin PBXFrameworksBuildPhase section */
		C325C432224B964400E36731 /* Frameworks */ = {
			isa = PBXFrameworksBuildPhase;
			buildActionMask = 2147483647;
			files = (
				38C51D961E2A00DE7C61E841 /* Pods_GithubList.framework in Frameworks */,
			);
			runOnlyForDeploymentPostprocessing = 0;
		};
/* End PBXFrameworksBuildPhase section */

/* Begin PBXGroup section */
		1B3E3CC84E6F69FE2B7C68E0 /* Pods */ = {
			isa = PBXGroup;
			children = (
				CAD1D8DFD50235B1FD70B977 /* Pods-GithubList.debug.xcconfig */,
				6D61414D7083548F1FC8FE66 /* Pods-GithubList.release.xcconfig */,
			);
			name = Pods;
			sourceTree = "<group>";
		};
		C325C42C224B964400E36731 = {
			isa = PBXGroup;
			children = (
				C325C437224B964400E36731 /* GithubList */,
				C325C436224B964400E36731 /* Products */,
				1B3E3CC84E6F69FE2B7C68E0 /* Pods */,
				F300275FC99068F3F5120DDB /* Frameworks */,
			);
			sourceTree = "<group>";
		};
		C325C436224B964400E36731 /* Products */ = {
			isa = PBXGroup;
			children = (
				C325C435224B964400E36731 /* GithubList.app */,
			);
			name = Products;
			sourceTree = "<group>";
		};
		C325C437224B964400E36731 /* GithubList */ = {
			isa = PBXGroup;
			children = (
				C325C44A224B9AFE00E36731 /* Source */,
				C325C44B224B9B0D00E36731 /* Resources */,
				C325C444224B964600E36731 /* Info.plist */,
			);
			path = GithubList;
			sourceTree = "<group>";
		};
		C325C44A224B9AFE00E36731 /* Source */ = {
			isa = PBXGroup;
			children = (
				C325C438224B964400E36731 /* AppDelegate.swift */,
				C325C43A224B964400E36731 /* ViewController.swift */,
				C325C450224BB88300E36731 /* ItemCell.swift */,
			);
			path = Source;
			sourceTree = "<group>";
		};
		C325C44B224B9B0D00E36731 /* Resources */ = {
			isa = PBXGroup;
			children = (
				C325C43C224B964400E36731 /* Main.storyboard */,
				C325C43F224B964600E36731 /* Assets.xcassets */,
			);
			path = Resources;
			sourceTree = "<group>";
		};
		F300275FC99068F3F5120DDB /* Frameworks */ = {
			isa = PBXGroup;
			children = (
				DDE022C8797C68E9CA363791 /* Pods_GithubList.framework */,
			);
			name = Frameworks;
			sourceTree = "<group>";
		};
/* End PBXGroup section */

/* Begin PBXNativeTarget section */
		C325C434224B964400E36731 /* GithubList */ = {
			isa = PBXNativeTarget;
			buildConfigurationList = C325C447224B964600E36731 /* Build configuration list for PBXNativeTarget "GithubList" */;
			buildPhases = (
				DA700E884E503DE7A9D5C949 /* [CP] Check Pods Manifest.lock */,
				C325C431224B964400E36731 /* Sources */,
				C325C432224B964400E36731 /* Frameworks */,
				C325C433224B964400E36731 /* Resources */,
				D9A360507466F669E39161CB /* [CP] Embed Pods Frameworks */,
			);
			buildRules = (
			);
			dependencies = (
			);
			name = GithubList;
			productName = GithubList;
			productReference = C325C435224B964400E36731 /* GithubList.app */;
			productType = "com.apple.product-type.application";
		};
/* End PBXNativeTarget section */

/* Begin PBXProject section */
		C325C42D224B964400E36731 /* Project object */ = {
			isa = PBXProject;
			attributes = {
				LastSwiftUpdateCheck = 1010;
				LastUpgradeCheck = 1010;
				ORGANIZATIONNAME = "조서현";
				TargetAttributes = {
					C325C434224B964400E36731 = {
						CreatedOnToolsVersion = 10.1;
					};
				};
			};
			buildConfigurationList = C325C430224B964400E36731 /* Build configuration list for PBXProject "GithubList" */;
			compatibilityVersion = "Xcode 9.3";
			developmentRegion = en;
			hasScannedForEncodings = 0;
			knownRegions = (
				en,
				Base,
			);
			mainGroup = C325C42C224B964400E36731;
			productRefGroup = C325C436224B964400E36731 /* Products */;
			projectDirPath = "";
			projectRoot = "";
			targets = (
				C325C434224B964400E36731 /* GithubList */,
			);
		};
/* End PBXProject section */

/* Begin PBXResourcesBuildPhase section */
		C325C433224B964400E36731 /* Resources */ = {
			isa = PBXResourcesBuildPhase;
			buildActionMask = 2147483647;
			files = (
				C325C440224B964600E36731 /* Assets.xcassets in Resources */,
				C325C43E224B964400E36731 /* Main.storyboard in Resources */,
			);
			runOnlyForDeploymentPostprocessing = 0;
		};
/* End PBXResourcesBuildPhase section */

/* Begin PBXShellScriptBuildPhase section */
		D9A360507466F669E39161CB /* [CP] Embed Pods Frameworks */ = {
			isa = PBXShellScriptBuildPhase;
			buildActionMask = 2147483647;
			files = (
			);
			inputFileListPaths = (
			);
			inputPaths = (
				"${SRCROOT}/Pods/Target Support Files/Pods-GithubList/Pods-GithubList-frameworks.sh",
				"${BUILT_PRODUCTS_DIR}/Alamofire/Alamofire.framework",
			);
			name = "[CP] Embed Pods Frameworks";
			outputFileListPaths = (
			);
			outputPaths = (
				"${TARGET_BUILD_DIR}/${FRAMEWORKS_FOLDER_PATH}/Alamofire.framework",
			);
			runOnlyForDeploymentPostprocessing = 0;
			shellPath = /bin/sh;
			shellScript = "\"${SRCROOT}/Pods/Target Support Files/Pods-GithubList/Pods-GithubList-frameworks.sh\"\n";
			showEnvVarsInLog = 0;
		};
		DA700E884E503DE7A9D5C949 /* [CP] Check Pods Manifest.lock */ = {
			isa = PBXShellScriptBuildPhase;
			buildActionMask = 2147483647;
			files = (
			);
			inputFileListPaths = (
			);
			inputPaths = (
				"${PODS_PODFILE_DIR_PATH}/Podfile.lock",
				"${PODS_ROOT}/Manifest.lock",
			);
			name = "[CP] Check Pods Manifest.lock";
			outputFileListPaths = (
			);
			outputPaths = (
				"$(DERIVED_FILE_DIR)/Pods-GithubList-checkManifestLockResult.txt",
			);
			runOnlyForDeploymentPostprocessing = 0;
			shellPath = /bin/sh;
			shellScript = "diff \"${PODS_PODFILE_DIR_PATH}/Podfile.lock\" \"${PODS_ROOT}/Manifest.lock\" > /dev/null\nif [ $? != 0 ] ; then\n    # print error to STDERR\n    echo \"error: The sandbox is not in sync with the Podfile.lock. Run 'pod install' or update your CocoaPods installation.\" >&2\n    exit 1\nfi\n# This output is used by Xcode 'outputs' to avoid re-running this script phase.\necho \"SUCCESS\" > \"${SCRIPT_OUTPUT_FILE_0}\"\n";
			showEnvVarsInLog = 0;
		};
/* End PBXShellScriptBuildPhase section */

/* Begin PBXSourcesBuildPhase section */
		C325C431224B964400E36731 /* Sources */ = {
			isa = PBXSourcesBuildPhase;
			buildActionMask = 2147483647;
			files = (
				C325C43B224B964400E36731 /* ViewController.swift in Sources */,
				C325C439224B964400E36731 /* AppDelegate.swift in Sources */,
				C325C451224BB88300E36731 /* ItemCell.swift in Sources */,
			);
			runOnlyForDeploymentPostprocessing = 0;
		};
/* End PBXSourcesBuildPhase section */

/* Begin PBXVariantGroup section */
		C325C43C224B964400E36731 /* Main.storyboard */ = {
			isa = PBXVariantGroup;
			children = (
				C325C43D224B964400E36731 /* Base */,
			);
			name = Main.storyboard;
			sourceTree = "<group>";
		};
/* End PBXVariantGroup section */

/* Begin XCBuildConfiguration section */
		C325C445224B964600E36731 /* Debug */ = {
			isa = XCBuildConfiguration;
			buildSettings = {
				ALWAYS_SEARCH_USER_PATHS = NO;
				CLANG_ANALYZER_NONNULL = YES;
				CLANG_ANALYZER_NUMBER_OBJECT_CONVERSION = YES_AGGRESSIVE;
				CLANG_CXX_LANGUAGE_STANDARD = "gnu++14";
				CLANG_CXX_LIBRARY = "libc++";
				CLANG_ENABLE_MODULES = YES;
				CLANG_ENABLE_OBJC_ARC = YES;
				CLANG_ENABLE_OBJC_WEAK = YES;
				CLANG_WARN_BLOCK_CAPTURE_AUTORELEASING = YES;
				CLANG_WARN_BOOL_CONVERSION = YES;
				CLANG_WARN_COMMA = YES;
				CLANG_WARN_CONSTANT_CONVERSION = YES;
				CLANG_WARN_DEPRECATED_OBJC_IMPLEMENTATIONS = YES;
				CLANG_WARN_DIRECT_OBJC_ISA_USAGE = YES_ERROR;
				CLANG_WARN_DOCUMENTATION_COMMENTS = YES;
				CLANG_WARN_EMPTY_BODY = YES;
				CLANG_WARN_ENUM_CONVERSION = YES;
				CLANG_WARN_INFINITE_RECURSION = YES;
				CLANG_WARN_INT_CONVERSION = YES;
				CLANG_WARN_NON_LITERAL_NULL_CONVERSION = YES;
				CLANG_WARN_OBJC_IMPLICIT_RETAIN_SELF = YES;
				CLANG_WARN_OBJC_LITERAL_CONVERSION = YES;
				CLANG_WARN_OBJC_ROOT_CLASS = YES_ERROR;
				CLANG_WARN_RANGE_LOOP_ANALYSIS = YES;
				CLANG_WARN_STRICT_PROTOTYPES = YES;
				CLANG_WARN_SUSPICIOUS_MOVE = YES;
				CLANG_WARN_UNGUARDED_AVAILABILITY = YES_AGGRESSIVE;
				CLANG_WARN_UNREACHABLE_CODE = YES;
				CLANG_WARN__DUPLICATE_METHOD_MATCH = YES;
				CODE_SIGN_IDENTITY = "iPhone Developer";
				COPY_PHASE_STRIP = NO;
				DEBUG_INFORMATION_FORMAT = dwarf;
				ENABLE_STRICT_OBJC_MSGSEND = YES;
				ENABLE_TESTABILITY = YES;
				GCC_C_LANGUAGE_STANDARD = gnu11;
				GCC_DYNAMIC_NO_PIC = NO;
				GCC_NO_COMMON_BLOCKS = YES;
				GCC_OPTIMIZATION_LEVEL = 0;
				GCC_PREPROCESSOR_DEFINITIONS = (
					"DEBUG=1",
					"$(inherited)",
				);
				GCC_WARN_64_TO_32_BIT_CONVERSION = YES;
				GCC_WARN_ABOUT_RETURN_TYPE = YES_ERROR;
				GCC_WARN_UNDECLARED_SELECTOR = YES;
				GCC_WARN_UNINITIALIZED_AUTOS = YES_AGGRESSIVE;
				GCC_WARN_UNUSED_FUNCTION = YES;
				GCC_WARN_UNUSED_VARIABLE = YES;
				IPHONEOS_DEPLOYMENT_TARGET = 12.1;
				MTL_ENABLE_DEBUG_INFO = INCLUDE_SOURCE;
				MTL_FAST_MATH = YES;
				ONLY_ACTIVE_ARCH = YES;
				SDKROOT = iphoneos;
				SWIFT_ACTIVE_COMPILATION_CONDITIONS = DEBUG;
				SWIFT_OPTIMIZATION_LEVEL = "-Onone";
			};
			name = Debug;
		};
		C325C446224B964600E36731 /* Release */ = {
			isa = XCBuildConfiguration;
			buildSettings = {
				ALWAYS_SEARCH_USER_PATHS = NO;
				CLANG_ANALYZER_NONNULL = YES;
				CLANG_ANALYZER_NUMBER_OBJECT_CONVERSION = YES_AGGRESSIVE;
				CLANG_CXX_LANGUAGE_STANDARD = "gnu++14";
				CLANG_CXX_LIBRARY = "libc++";
				CLANG_ENABLE_MODULES = YES;
				CLANG_ENABLE_OBJC_ARC = YES;
				CLANG_ENABLE_OBJC_WEAK = YES;
				CLANG_WARN_BLOCK_CAPTURE_AUTORELEASING = YES;
				CLANG_WARN_BOOL_CONVERSION = YES;
				CLANG_WARN_COMMA = YES;
				CLANG_WARN_CONSTANT_CONVERSION = YES;
				CLANG_WARN_DEPRECATED_OBJC_IMPLEMENTATIONS = YES;
				CLANG_WARN_DIRECT_OBJC_ISA_USAGE = YES_ERROR;
				CLANG_WARN_DOCUMENTATION_COMMENTS = YES;
				CLANG_WARN_EMPTY_BODY = YES;
				CLANG_WARN_ENUM_CONVERSION = YES;
				CLANG_WARN_INFINITE_RECURSION = YES;
				CLANG_WARN_INT_CONVERSION = YES;
				CLANG_WARN_NON_LITERAL_NULL_CONVERSION = YES;
				CLANG_WARN_OBJC_IMPLICIT_RETAIN_SELF = YES;
				CLANG_WARN_OBJC_LITERAL_CONVERSION = YES;
				CLANG_WARN_OBJC_ROOT_CLASS = YES_ERROR;
				CLANG_WARN_RANGE_LOOP_ANALYSIS = YES;
				CLANG_WARN_STRICT_PROTOTYPES = YES;
				CLANG_WARN_SUSPICIOUS_MOVE = YES;
				CLANG_WARN_UNGUARDED_AVAILABILITY = YES_AGGRESSIVE;
				CLANG_WARN_UNREACHABLE_CODE = YES;
				CLANG_WARN__DUPLICATE_METHOD_MATCH = YES;
				CODE_SIGN_IDENTITY = "iPhone Developer";
				COPY_PHASE_STRIP = NO;
				DEBUG_INFORMATION_FORMAT = "dwarf-with-dsym";
				ENABLE_NS_ASSERTIONS = NO;
				ENABLE_STRICT_OBJC_MSGSEND = YES;
				GCC_C_LANGUAGE_STANDARD = gnu11;
				GCC_NO_COMMON_BLOCKS = YES;
				GCC_WARN_64_TO_32_BIT_CONVERSION = YES;
				GCC_WARN_ABOUT_RETURN_TYPE = YES_ERROR;
				GCC_WARN_UNDECLARED_SELECTOR = YES;
				GCC_WARN_UNINITIALIZED_AUTOS = YES_AGGRESSIVE;
				GCC_WARN_UNUSED_FUNCTION = YES;
				GCC_WARN_UNUSED_VARIABLE = YES;
				IPHONEOS_DEPLOYMENT_TARGET = 12.1;
				MTL_ENABLE_DEBUG_INFO = NO;
				MTL_FAST_MATH = YES;
				SDKROOT = iphoneos;
				SWIFT_COMPILATION_MODE = wholemodule;
				SWIFT_OPTIMIZATION_LEVEL = "-O";
				VALIDATE_PRODUCT = YES;
			};
			name = Release;
		};
		C325C448224B964600E36731 /* Debug */ = {
			isa = XCBuildConfiguration;
			baseConfigurationReference = CAD1D8DFD50235B1FD70B977 /* Pods-GithubList.debug.xcconfig */;
			buildSettings = {
				ASSETCATALOG_COMPILER_APPICON_NAME = AppIcon;
				CODE_SIGN_STYLE = Automatic;
				INFOPLIST_FILE = GithubList/Info.plist;
				LD_RUNPATH_SEARCH_PATHS = (
					"$(inherited)",
					"@executable_path/Frameworks",
				);
				PRODUCT_BUNDLE_IDENTIFIER = com.seohyun.csh.GithubList;
				PRODUCT_NAME = "$(TARGET_NAME)";
				SWIFT_VERSION = 4.2;
				TARGETED_DEVICE_FAMILY = "1,2";
			};
			name = Debug;
		};
		C325C449224B964600E36731 /* Release */ = {
			isa = XCBuildConfiguration;
			baseConfigurationReference = 6D61414D7083548F1FC8FE66 /* Pods-GithubList.release.xcconfig */;
			buildSettings = {
				ASSETCATALOG_COMPILER_APPICON_NAME = AppIcon;
				CODE_SIGN_STYLE = Automatic;
				INFOPLIST_FILE = GithubList/Info.plist;
				LD_RUNPATH_SEARCH_PATHS = (
					"$(inherited)",
					"@executable_path/Frameworks",
				);
				PRODUCT_BUNDLE_IDENTIFIER = com.seohyun.csh.GithubList;
				PRODUCT_NAME = "$(TARGET_NAME)";
				SWIFT_VERSION = 4.2;
				TARGETED_DEVICE_FAMILY = "1,2";
			};
			name = Release;
		};
/* End XCBuildConfiguration section */

/* Begin XCConfigurationList section */
		C325C430224B964400E36731 /* Build configuration list for PBXProject "GithubList" */ = {
			isa = XCConfigurationList;
			buildConfigurations = (
				C325C445224B964600E36731 /* Debug */,
				C325C446224B964600E36731 /* Release */,
			);
			defaultConfigurationIsVisible = 0;
			defaultConfigurationName = Release;
		};
		C325C447224B964600E36731 /* Build configuration list for PBXNativeTarget "GithubList" */ = {
			isa = XCConfigurationList;
			buildConfigurations = (
				C325C448224B964600E36731 /* Debug */,
				C325C449224B964600E36731 /* Release */,
			);
			defaultConfigurationIsVisible = 0;
			defaultConfigurationName = Release;
		};
/* End XCConfigurationList section */
	};
	rootObject = C325C42D224B964400E36731 /* Project object */;
}
